// !$*UTF8*$!
{
	archiveVersion = 1;
	classes = {
	};
	objectVersion = 56;
	objects = {

/* Begin PBXBuildFile section */
		4747692C2ED7E6FB009FD23F /* Workout_AppApp.swift in Sources */ = {isa = PBXBuildFile; fileRef = 4747692B2ED7E6FB009FD23F /* Workout_AppApp.swift */; };
		4747692E2ED7E6FB009FD23F /* ContentView.swift in Sources */ = {isa = PBXBuildFile; fileRef = 4747692D2ED7E6FB009FD23F /* ContentView.swift */; };
		474769302ED7E6FC009FD23F /* Assets.xcassets in Resources */ = {isa = PBXBuildFile; fileRef = 4747692F2ED7E6FC009FD23F /* Assets.xcassets */; };
		474769332ED7E6FC009FD23F /* Preview Assets.xcassets in Resources */ = {isa = PBXBuildFile; fileRef = 474769322ED7E6FC009FD23F /* Preview Assets.xcassets */; };
		4747693D2ED7E6FC009FD23F /* Workout_AppTests.swift in Sources */ = {isa = PBXBuildFile; fileRef = 4747693C2ED7E6FC009FD23F /* Workout_AppTests.swift */; };
		474769472ED7E6FC009FD23F /* Workout_AppUITests.swift in Sources */ = {isa = PBXBuildFile; fileRef = 474769462ED7E6FC009FD23F /* Workout_AppUITests.swift */; };
		474769492ED7E6FC009FD23F /* Workout_AppUITestsLaunchTests.swift in Sources */ = {isa = PBXBuildFile; fileRef = 474769482ED7E6FC009FD23F /* Workout_AppUITestsLaunchTests.swift */; };
/* End PBXBuildFile section */

/* Begin PBXContainerItemProxy section */
		474769392ED7E6FC009FD23F /* PBXContainerItemProxy */ = {
			isa = PBXContainerItemProxy;
			containerPortal = 474769202ED7E6FB009FD23F /* Project object */;
			proxyType = 1;
			remoteGlobalIDString = 474769272ED7E6FB009FD23F;
			remoteInfo = "Workout App";
		};
		474769432ED7E6FC009FD23F /* PBXContainerItemProxy */ = {
			isa = PBXContainerItemProxy;
			containerPortal = 474769202ED7E6FB009FD23F /* Project object */;
			proxyType = 1;
			remoteGlobalIDString = 474769272ED7E6FB009FD23F;
			remoteInfo = "Workout App";
		};
/* End PBXContainerItemProxy section */

/* Begin PBXFileReference section */
		474769282ED7E6FB009FD23F /* Workout App.app */ = {isa = PBXFileReference; explicitFileType = wrapper.application; includeInIndex = 0; path = "Workout App.app"; sourceTree = BUILT_PRODUCTS_DIR; };
		4747692B2ED7E6FB009FD23F /* Workout_AppApp.swift */ = {isa = PBXFileReference; lastKnownFileType = sourcecode.swift; path = Workout_AppApp.swift; sourceTree = "<group>"; };
		4747692D2ED7E6FB009FD23F /* ContentView.swift */ = {isa = PBXFileReference; lastKnownFileType = sourcecode.swift; path = ContentView.swift; sourceTree = "<group>"; };
		4747692F2ED7E6FC009FD23F /* Assets.xcassets */ = {isa = PBXFileReference; lastKnownFileType = folder.assetcatalog; path = Assets.xcassets; sourceTree = "<group>"; };
		474769322ED7E6FC009FD23F /* Preview Assets.xcassets */ = {isa = PBXFileReference; lastKnownFileType = folder.assetcatalog; path = "Preview Assets.xcassets"; sourceTree = "<group>"; };
		474769382ED7E6FC009FD23F /* Workout AppTests.xctest */ = {isa = PBXFileReference; explicitFileType = wrapper.cfbundle; includeInIndex = 0; path = "Workout AppTests.xctest"; sourceTree = BUILT_PRODUCTS_DIR; };
		4747693C2ED7E6FC009FD23F /* Workout_AppTests.swift */ = {isa = PBXFileReference; lastKnownFileType = sourcecode.swift; path = Workout_AppTests.swift; sourceTree = "<group>"; };
		474769422ED7E6FC009FD23F /* Workout AppUITests.xctest */ = {isa = PBXFileReference; explicitFileType = wrapper.cfbundle; includeInIndex = 0; path = "Workout AppUITests.xctest"; sourceTree = BUILT_PRODUCTS_DIR; };
		474769462ED7E6FC009FD23F /* Workout_AppUITests.swift */ = {isa = PBXFileReference; lastKnownFileType = sourcecode.swift; path = Workout_AppUITests.swift; sourceTree = "<group>"; };
		474769482ED7E6FC009FD23F /* Workout_AppUITestsLaunchTests.swift */ = {isa = PBXFileReference; lastKnownFileType = sourcecode.swift; path = Workout_AppUITestsLaunchTests.swift; sourceTree = "<group>"; };
/* End PBXFileReference section */

/* Begin PBXFrameworksBuildPhase section */
		474769252ED7E6FB009FD23F /* Frameworks */ = {
			isa = PBXFrameworksBuildPhase;
			buildActionMask = 2147483647;
			files = (
			);
			runOnlyForDeploymentPostprocessing = 0;
		};
		474769352ED7E6FC009FD23F /* Frameworks */ = {
			isa = PBXFrameworksBuildPhase;
			buildActionMask = 2147483647;
			files = (
			);
			runOnlyForDeploymentPostprocessing = 0;
		};
		4747693F2ED7E6FC009FD23F /* Frameworks */ = {
			isa = PBXFrameworksBuildPhase;
			buildActionMask = 2147483647;
			files = (
			);
			runOnlyForDeploymentPostprocessing = 0;
		};
/* End PBXFrameworksBuildPhase section */

/* Begin PBXGroup section */
		4747691F2ED7E6FB009FD23F = {
			isa = PBXGroup;
			children = (
				4747692A2ED7E6FB009FD23F /* Workout App */,
				4747693B2ED7E6FC009FD23F /* Workout AppTests */,
				474769452ED7E6FC009FD23F /* Workout AppUITests */,
				474769292ED7E6FB009FD23F /* Products */,
			);
			sourceTree = "<group>";
		};
		474769292ED7E6FB009FD23F /* Products */ = {
			isa = PBXGroup;
			children = (
				474769282ED7E6FB009FD23F /* Workout App.app */,
				474769382ED7E6FC009FD23F /* Workout AppTests.xctest */,
				474769422ED7E6FC009FD23F /* Workout AppUITests.xctest */,
			);
			name = Products;
			sourceTree = "<group>";
		};
		4747692A2ED7E6FB009FD23F /* Workout App */ = {
			isa = PBXGroup;
			children = (
				4747692B2ED7E6FB009FD23F /* Workout_AppApp.swift */,
				4747692D2ED7E6FB009FD23F /* ContentView.swift */,
				4747692F2ED7E6FC009FD23F /* Assets.xcassets */,
				474769312ED7E6FC009FD23F /* Preview Content */,
			);
			path = "Workout App";
			sourceTree = "<group>";
		};
		474769312ED7E6FC009FD23F /* Preview Content */ = {
			isa = PBXGroup;
			children = (
				474769322ED7E6FC009FD23F /* Preview Assets.xcassets */,
			);
			path = "Preview Content";
			sourceTree = "<group>";
		};
		4747693B2ED7E6FC009FD23F /* Workout AppTests */ = {
			isa = PBXGroup;
			children = (
				4747693C2ED7E6FC009FD23F /* Workout_AppTests.swift */,
			);
			path = "Workout AppTests";
			sourceTree = "<group>";
		};
		474769452ED7E6FC009FD23F /* Workout AppUITests */ = {
			isa = PBXGroup;
			children = (
				474769462ED7E6FC009FD23F /* Workout_AppUITests.swift */,
				474769482ED7E6FC009FD23F /* Workout_AppUITestsLaunchTests.swift */,
			);
			path = "Workout AppUITests";
			sourceTree = "<group>";
		};
/* End PBXGroup section */

/* Begin PBXNativeTarget section */
		474769272ED7E6FB009FD23F /* Workout App */ = {
			isa = PBXNativeTarget;
			buildConfigurationList = 4747694C2ED7E6FC009FD23F /* Build configuration list for PBXNativeTarget "Workout App" */;
			buildPhases = (
				474769242ED7E6FB009FD23F /* Sources */,
				474769252ED7E6FB009FD23F /* Frameworks */,
				474769262ED7E6FB009FD23F /* Resources */,
			);
			buildRules = (
			);
			dependencies = (
			);
			name = "Workout App";
			productName = "Workout App";
			productReference = 474769282ED7E6FB009FD23F /* Workout App.app */;
			productType = "com.apple.product-type.application";
		};
		474769372ED7E6FC009FD23F /* Workout AppTests */ = {
			isa = PBXNativeTarget;
			buildConfigurationList = 4747694F2ED7E6FC009FD23F /* Build configuration list for PBXNativeTarget "Workout AppTests" */;
			buildPhases = (
				474769342ED7E6FC009FD23F /* Sources */,
				474769352ED7E6FC009FD23F /* Frameworks */,
				474769362ED7E6FC009FD23F /* Resources */,
			);
			buildRules = (
			);
			dependencies = (
				4747693A2ED7E6FC009FD23F /* PBXTargetDependency */,
			);
			name = "Workout AppTests";
			productName = "Workout AppTests";
			productReference = 474769382ED7E6FC009FD23F /* Workout AppTests.xctest */;
			productType = "com.apple.product-type.bundle.unit-test";
		};
		474769412ED7E6FC009FD23F /* Workout AppUITests */ = {
			isa = PBXNativeTarget;
			buildConfigurationList = 474769522ED7E6FC009FD23F /* Build configuration list for PBXNativeTarget "Workout AppUITests" */;
			buildPhases = (
				4747693E2ED7E6FC009FD23F /* Sources */,
				4747693F2ED7E6FC009FD23F /* Frameworks */,
				474769402ED7E6FC009FD23F /* Resources */,
			);
			buildRules = (
			);
			dependencies = (
				474769442ED7E6FC009FD23F /* PBXTargetDependency */,
			);
			name = "Workout AppUITests";
			productName = "Workout AppUITests";
			productReference = 474769422ED7E6FC009FD23F /* Workout AppUITests.xctest */;
			productType = "com.apple.product-type.bundle.ui-testing";
		};
/* End PBXNativeTarget section */

/* Begin PBXProject section */
		474769202ED7E6FB009FD23F /* Project object */ = {
			isa = PBXProject;
			attributes = {
				BuildIndependentTargetsInParallel = 1;
				LastSwiftUpdateCheck = 1540;
				LastUpgradeCheck = 1540;
				TargetAttributes = {
					474769272ED7E6FB009FD23F = {
						CreatedOnToolsVersion = 15.4;
					};
					474769372ED7E6FC009FD23F = {
						CreatedOnToolsVersion = 15.4;
						TestTargetID = 474769272ED7E6FB009FD23F;
					};
					474769412ED7E6FC009FD23F = {
						CreatedOnToolsVersion = 15.4;
						TestTargetID = 474769272ED7E6FB009FD23F;
					};
				};
			};
			buildConfigurationList = 474769232ED7E6FB009FD23F /* Build configuration list for PBXProject "Workout App" */;
			compatibilityVersion = "Xcode 14.0";
			developmentRegion = en;
			hasScannedForEncodings = 0;
			knownRegions = (
				en,
				Base,
			);
			mainGroup = 4747691F2ED7E6FB009FD23F;
			productRefGroup = 474769292ED7E6FB009FD23F /* Products */;
			projectDirPath = "";
			projectRoot = "";
			targets = (
				474769272ED7E6FB009FD23F /* Workout App */,
				474769372ED7E6FC009FD23F /* Workout AppTests */,
				474769412ED7E6FC009FD23F /* Workout AppUITests */,
			);
		};
/* End PBXProject section */

/* Begin PBXResourcesBuildPhase section */
		474769262ED7E6FB009FD23F /* Resources */ = {
			isa = PBXResourcesBuildPhase;
			buildActionMask = 2147483647;
			files = (
				474769332ED7E6FC009FD23F /* Preview Assets.xcassets in Resources */,
				474769302ED7E6FC009FD23F /* Assets.xcassets in Resources */,
			);
			runOnlyForDeploymentPostprocessing = 0;
		};
		474769362ED7E6FC009FD23F /* Resources */ = {
			isa = PBXResourcesBuildPhase;
			buildActionMask = 2147483647;
			files = (
			);
			runOnlyForDeploymentPostprocessing = 0;
		};
		474769402ED7E6FC009FD23F /* Resources */ = {
			isa = PBXResourcesBuildPhase;
			buildActionMask = 2147483647;
			files = (
			);
			runOnlyForDeploymentPostprocessing = 0;
		};
/* End PBXResourcesBuildPhase section */

/* Begin PBXSourcesBuildPhase section */
		474769242ED7E6FB009FD23F /* Sources */ = {
			isa = PBXSourcesBuildPhase;
			buildActionMask = 2147483647;
			files = (
				4747692E2ED7E6FB009FD23F /* ContentView.swift in Sources */,
				4747692C2ED7E6FB009FD23F /* Workout_AppApp.swift in Sources */,
			);
			runOnlyForDeploymentPostprocessing = 0;
		};
		474769342ED7E6FC009FD23F /* Sources */ = {
			isa = PBXSourcesBuildPhase;
			buildActionMask = 2147483647;
			files = (
				4747693D2ED7E6FC009FD23F /* Workout_AppTests.swift in Sources */,
			);
			runOnlyForDeploymentPostprocessing = 0;
		};
		4747693E2ED7E6FC009FD23F /* Sources */ = {
			isa = PBXSourcesBuildPhase;
			buildActionMask = 2147483647;
			files = (
				474769492ED7E6FC009FD23F /* Workout_AppUITestsLaunchTests.swift in Sources */,
				474769472ED7E6FC009FD23F /* Workout_AppUITests.swift in Sources */,
			);
			runOnlyForDeploymentPostprocessing = 0;
		};
/* End PBXSourcesBuildPhase section */

/* Begin PBXTargetDependency section */
		4747693A2ED7E6FC009FD23F /* PBXTargetDependency */ = {
			isa = PBXTargetDependency;
			target = 474769272ED7E6FB009FD23F /* Workout App */;
			targetProxy = 474769392ED7E6FC009FD23F /* PBXContainerItemProxy */;
		};
		474769442ED7E6FC009FD23F /* PBXTargetDependency */ = {
			isa = PBXTargetDependency;
			target = 474769272ED7E6FB009FD23F /* Workout App */;
			targetProxy = 474769432ED7E6FC009FD23F /* PBXContainerItemProxy */;
		};
/* End PBXTargetDependency section */

/* Begin XCBuildConfiguration section */
		4747694A2ED7E6FC009FD23F /* Debug */ = {
			isa = XCBuildConfiguration;
			buildSettings = {
				ALWAYS_SEARCH_USER_PATHS = NO;
				ASSETCATALOG_COMPILER_GENERATE_SWIFT_ASSET_SYMBOL_EXTENSIONS = YES;
				CLANG_ANALYZER_NONNULL = YES;
				CLANG_ANALYZER_NUMBER_OBJECT_CONVERSION = YES_AGGRESSIVE;
				CLANG_CXX_LANGUAGE_STANDARD = "gnu++20";
				CLANG_ENABLE_MODULES = YES;
				CLANG_ENABLE_OBJC_ARC = YES;
				CLANG_ENABLE_OBJC_WEAK = YES;
				CLANG_WARN_BLOCK_CAPTURE_AUTORELEASING = YES;
				CLANG_WARN_BOOL_CONVERSION = YES;
				CLANG_WARN_COMMA = YES;
				CLANG_WARN_CONSTANT_CONVERSION = YES;
				CLANG_WARN_DEPRECATED_OBJC_IMPLEMENTATIONS = YES;
				CLANG_WARN_DIRECT_OBJC_ISA_USAGE = YES_ERROR;
				CLANG_WARN_DOCUMENTATION_COMMENTS = YES;
				CLANG_WARN_EMPTY_BODY = YES;
				CLANG_WARN_ENUM_CONVERSION = YES;
				CLANG_WARN_INFINITE_RECURSION = YES;
				CLANG_WARN_INT_CONVERSION = YES;
				CLANG_WARN_NON_LITERAL_NULL_CONVERSION = YES;
				CLANG_WARN_OBJC_IMPLICIT_RETAIN_SELF = YES;
				CLANG_WARN_OBJC_LITERAL_CONVERSION = YES;
				CLANG_WARN_OBJC_ROOT_CLASS = YES_ERROR;
				CLANG_WARN_QUOTED_INCLUDE_IN_FRAMEWORK_HEADER = YES;
				CLANG_WARN_RANGE_LOOP_ANALYSIS = YES;
				CLANG_WARN_STRICT_PROTOTYPES = YES;
				CLANG_WARN_SUSPICIOUS_MOVE = YES;
				CLANG_WARN_UNGUARDED_AVAILABILITY = YES_AGGRESSIVE;
				CLANG_WARN_UNREACHABLE_CODE = YES;
				CLANG_WARN__DUPLICATE_METHOD_MATCH = YES;
				COPY_PHASE_STRIP = NO;
				DEBUG_INFORMATION_FORMAT = dwarf;
				ENABLE_STRICT_OBJC_MSGSEND = YES;
				ENABLE_TESTABILITY = YES;
				ENABLE_USER_SCRIPT_SANDBOXING = YES;
				GCC_C_LANGUAGE_STANDARD = gnu17;
				GCC_DYNAMIC_NO_PIC = NO;
				GCC_NO_COMMON_BLOCKS = YES;
				GCC_OPTIMIZATION_LEVEL = 0;
				GCC_PREPROCESSOR_DEFINITIONS = (
					"DEBUG=1",
					"$(inherited)",
				);
				GCC_WARN_64_TO_32_BIT_CONVERSION = YES;
				GCC_WARN_ABOUT_RETURN_TYPE = YES_ERROR;
				GCC_WARN_UNDECLARED_SELECTOR = YES;
				GCC_WARN_UNINITIALIZED_AUTOS = YES_AGGRESSIVE;
				GCC_WARN_UNUSED_FUNCTION = YES;
				GCC_WARN_UNUSED_VARIABLE = YES;
				IPHONEOS_DEPLOYMENT_TARGET = 17.5;
				LOCALIZATION_PREFERS_STRING_CATALOGS = YES;
				MTL_ENABLE_DEBUG_INFO = INCLUDE_SOURCE;
				MTL_FAST_MATH = YES;
				ONLY_ACTIVE_ARCH = YES;
				SDKROOT = iphoneos;
				SWIFT_ACTIVE_COMPILATION_CONDITIONS = "DEBUG $(inherited)";
				SWIFT_OPTIMIZATION_LEVEL = "-Onone";
			};
			name = Debug;
		};
		4747694B2ED7E6FC009FD23F /* Release */ = {
			isa = XCBuildConfiguration;
			buildSettings = {
				ALWAYS_SEARCH_USER_PATHS = NO;
				ASSETCATALOG_COMPILER_GENERATE_SWIFT_ASSET_SYMBOL_EXTENSIONS = YES;
				CLANG_ANALYZER_NONNULL = YES;
				CLANG_ANALYZER_NUMBER_OBJECT_CONVERSION = YES_AGGRESSIVE;
				CLANG_CXX_LANGUAGE_STANDARD = "gnu++20";
				CLANG_ENABLE_MODULES = YES;
				CLANG_ENABLE_OBJC_ARC = YES;
				CLANG_ENABLE_OBJC_WEAK = YES;
				CLANG_WARN_BLOCK_CAPTURE_AUTORELEASING = YES;
				CLANG_WARN_BOOL_CONVERSION = YES;
				CLANG_WARN_COMMA = YES;
				CLANG_WARN_CONSTANT_CONVERSION = YES;
				CLANG_WARN_DEPRECATED_OBJC_IMPLEMENTATIONS = YES;
				CLANG_WARN_DIRECT_OBJC_ISA_USAGE = YES_ERROR;
				CLANG_WARN_DOCUMENTATION_COMMENTS = YES;
				CLANG_WARN_EMPTY_BODY = YES;
				CLANG_WARN_ENUM_CONVERSION = YES;
				CLANG_WARN_INFINITE_RECURSION = YES;
				CLANG_WARN_INT_CONVERSION = YES;
				CLANG_WARN_NON_LITERAL_NULL_CONVERSION = YES;
				CLANG_WARN_OBJC_IMPLICIT_RETAIN_SELF = YES;
				CLANG_WARN_OBJC_LITERAL_CONVERSION = YES;
				CLANG_WARN_OBJC_ROOT_CLASS = YES_ERROR;
				CLANG_WARN_QUOTED_INCLUDE_IN_FRAMEWORK_HEADER = YES;
				CLANG_WARN_RANGE_LOOP_ANALYSIS = YES;
				CLANG_WARN_STRICT_PROTOTYPES = YES;
				CLANG_WARN_SUSPICIOUS_MOVE = YES;
				CLANG_WARN_UNGUARDED_AVAILABILITY = YES_AGGRESSIVE;
				CLANG_WARN_UNREACHABLE_CODE = YES;
				CLANG_WARN__DUPLICATE_METHOD_MATCH = YES;
				COPY_PHASE_STRIP = NO;
				DEBUG_INFORMATION_FORMAT = "dwarf-with-dsym";
				ENABLE_NS_ASSERTIONS = NO;
				ENABLE_STRICT_OBJC_MSGSEND = YES;
				ENABLE_USER_SCRIPT_SANDBOXING = YES;
				GCC_C_LANGUAGE_STANDARD = gnu17;
				GCC_NO_COMMON_BLOCKS = YES;
				GCC_WARN_64_TO_32_BIT_CONVERSION = YES;
				GCC_WARN_ABOUT_RETURN_TYPE = YES_ERROR;
				GCC_WARN_UNDECLARED_SELECTOR = YES;
				GCC_WARN_UNINITIALIZED_AUTOS = YES_AGGRESSIVE;
				GCC_WARN_UNUSED_FUNCTION = YES;
				GCC_WARN_UNUSED_VARIABLE = YES;
				IPHONEOS_DEPLOYMENT_TARGET = 17.5;
				LOCALIZATION_PREFERS_STRING_CATALOGS = YES;
				MTL_ENABLE_DEBUG_INFO = NO;
				MTL_FAST_MATH = YES;
				SDKROOT = iphoneos;
				SWIFT_COMPILATION_MODE = wholemodule;
				VALIDATE_PRODUCT = YES;
			};
			name = Release;
		};
		4747694D2ED7E6FC009FD23F /* Debug */ = {
			isa = XCBuildConfiguration;
			buildSettings = {
				ASSETCATALOG_COMPILER_APPICON_NAME = AppIcon;
				ASSETCATALOG_COMPILER_GLOBAL_ACCENT_COLOR_NAME = AccentColor;
				CODE_SIGN_STYLE = Automatic;
				CURRENT_PROJECT_VERSION = 1;
				DEVELOPMENT_ASSET_PATHS = "\"Workout App/Preview Content\"";
				ENABLE_PREVIEWS = YES;
				GENERATE_INFOPLIST_FILE = YES;
				INFOPLIST_KEY_UIApplicationSceneManifest_Generation = YES;
				INFOPLIST_KEY_UIApplicationSupportsIndirectInputEvents = YES;
				INFOPLIST_KEY_UILaunchScreen_Generation = YES;
				INFOPLIST_KEY_UISupportedInterfaceOrientations_iPad = "UIInterfaceOrientationPortrait UIInterfaceOrientationPortraitUpsideDown UIInterfaceOrientationLandscapeLeft UIInterfaceOrientationLandscapeRight";
				INFOPLIST_KEY_UISupportedInterfaceOrientations_iPhone = "UIInterfaceOrientationPortrait UIInterfaceOrientationLandscapeLeft UIInterfaceOrientationLandscapeRight";
				LD_RUNPATH_SEARCH_PATHS = (
					"$(inherited)",
					"@executable_path/Frameworks",
				);
				MARKETING_VERSION = 1.0;
				PRODUCT_BUNDLE_IDENTIFIER = "name.thomasmandell.Workout-App";
				PRODUCT_NAME = "$(TARGET_NAME)";
				SWIFT_EMIT_LOC_STRINGS = YES;
				SWIFT_VERSION = 5.0;
				TARGETED_DEVICE_FAMILY = "1,2";
			};
			name = Debug;
		};
		4747694E2ED7E6FC009FD23F /* Release */ = {
			isa = XCBuildConfiguration;
			buildSettings = {
				ASSETCATALOG_COMPILER_APPICON_NAME = AppIcon;
				ASSETCATALOG_COMPILER_GLOBAL_ACCENT_COLOR_NAME = AccentColor;
				CODE_SIGN_STYLE = Automatic;
				CURRENT_PROJECT_VERSION = 1;
				DEVELOPMENT_ASSET_PATHS = "\"Workout App/Preview Content\"";
				ENABLE_PREVIEWS = YES;
				GENERATE_INFOPLIST_FILE = YES;
				INFOPLIST_KEY_UIApplicationSceneManifest_Generation = YES;
				INFOPLIST_KEY_UIApplicationSupportsIndirectInputEvents = YES;
				INFOPLIST_KEY_UILaunchScreen_Generation = YES;
				INFOPLIST_KEY_UISupportedInterfaceOrientations_iPad = "UIInterfaceOrientationPortrait UIInterfaceOrientationPortraitUpsideDown UIInterfaceOrientationLandscapeLeft UIInterfaceOrientationLandscapeRight";
				INFOPLIST_KEY_UISupportedInterfaceOrientations_iPhone = "UIInterfaceOrientationPortrait UIInterfaceOrientationLandscapeLeft UIInterfaceOrientationLandscapeRight";
				LD_RUNPATH_SEARCH_PATHS = (
					"$(inherited)",
					"@executable_path/Frameworks",
				);
				MARKETING_VERSION = 1.0;
				PRODUCT_BUNDLE_IDENTIFIER = "name.thomasmandell.Workout-App";
				PRODUCT_NAME = "$(TARGET_NAME)";
				SWIFT_EMIT_LOC_STRINGS = YES;
				SWIFT_VERSION = 5.0;
				TARGETED_DEVICE_FAMILY = "1,2";
			};
			name = Release;
		};
		474769502ED7E6FC009FD23F /* Debug */ = {
			isa = XCBuildConfiguration;
			buildSettings = {
				ALWAYS_EMBED_SWIFT_STANDARD_LIBRARIES = YES;
				BUNDLE_LOADER = "$(TEST_HOST)";
				CODE_SIGN_STYLE = Automatic;
				CURRENT_PROJECT_VERSION = 1;
				GENERATE_INFOPLIST_FILE = YES;
				IPHONEOS_DEPLOYMENT_TARGET = 17.5;
				MARKETING_VERSION = 1.0;
				PRODUCT_BUNDLE_IDENTIFIER = "name.thomasmandell.Workout-AppTests";
				PRODUCT_NAME = "$(TARGET_NAME)";
				SWIFT_EMIT_LOC_STRINGS = NO;
				SWIFT_VERSION = 5.0;
				TARGETED_DEVICE_FAMILY = "1,2";
				TEST_HOST = "$(BUILT_PRODUCTS_DIR)/Workout App.app/$(BUNDLE_EXECUTABLE_FOLDER_PATH)/Workout App";
			};
			name = Debug;
		};
		474769512ED7E6FC009FD23F /* Release */ = {
			isa = XCBuildConfiguration;
			buildSettings = {
				ALWAYS_EMBED_SWIFT_STANDARD_LIBRARIES = YES;
				BUNDLE_LOADER = "$(TEST_HOST)";
				CODE_SIGN_STYLE = Automatic;
				CURRENT_PROJECT_VERSION = 1;
				GENERATE_INFOPLIST_FILE = YES;
				IPHONEOS_DEPLOYMENT_TARGET = 17.5;
				MARKETING_VERSION = 1.0;
				PRODUCT_BUNDLE_IDENTIFIER = "name.thomasmandell.Workout-AppTests";
				PRODUCT_NAME = "$(TARGET_NAME)";
				SWIFT_EMIT_LOC_STRINGS = NO;
				SWIFT_VERSION = 5.0;
				TARGETED_DEVICE_FAMILY = "1,2";
				TEST_HOST = "$(BUILT_PRODUCTS_DIR)/Workout App.app/$(BUNDLE_EXECUTABLE_FOLDER_PATH)/Workout App";
			};
			name = Release;
		};
		474769532ED7E6FC009FD23F /* Debug */ = {
			isa = XCBuildConfiguration;
			buildSettings = {
				ALWAYS_EMBED_SWIFT_STANDARD_LIBRARIES = YES;
				CODE_SIGN_STYLE = Automatic;
				CURRENT_PROJECT_VERSION = 1;
				GENERATE_INFOPLIST_FILE = YES;
				MARKETING_VERSION = 1.0;
				PRODUCT_BUNDLE_IDENTIFIER = "name.thomasmandell.Workout-AppUITests";
				PRODUCT_NAME = "$(TARGET_NAME)";
				SWIFT_EMIT_LOC_STRINGS = NO;
				SWIFT_VERSION = 5.0;
				TARGETED_DEVICE_FAMILY = "1,2";
				TEST_TARGET_NAME = "Workout App";
			};
			name = Debug;
		};
		474769542ED7E6FC009FD23F /* Release */ = {
			isa = XCBuildConfiguration;
			buildSettings = {
				ALWAYS_EMBED_SWIFT_STANDARD_LIBRARIES = YES;
				CODE_SIGN_STYLE = Automatic;
				CURRENT_PROJECT_VERSION = 1;
				GENERATE_INFOPLIST_FILE = YES;
				MARKETING_VERSION = 1.0;
				PRODUCT_BUNDLE_IDENTIFIER = "name.thomasmandell.Workout-AppUITests";
				PRODUCT_NAME = "$(TARGET_NAME)";
				SWIFT_EMIT_LOC_STRINGS = NO;
				SWIFT_VERSION = 5.0;
				TARGETED_DEVICE_FAMILY = "1,2";
				TEST_TARGET_NAME = "Workout App";
			};
			name = Release;
		};
/* End XCBuildConfiguration section */

/* Begin XCConfigurationList section */
		474769232ED7E6FB009FD23F /* Build configuration list for PBXProject "Workout App" */ = {
			isa = XCConfigurationList;
			buildConfigurations = (
				4747694A2ED7E6FC009FD23F /* Debug */,
				4747694B2ED7E6FC009FD23F /* Release */,
			);
			defaultConfigurationIsVisible = 0;
			defaultConfigurationName = Release;
		};
		4747694C2ED7E6FC009FD23F /* Build configuration list for PBXNativeTarget "Workout App" */ = {
			isa = XCConfigurationList;
			buildConfigurations = (
				4747694D2ED7E6FC009FD23F /* Debug */,
				4747694E2ED7E6FC009FD23F /* Release */,
			);
			defaultConfigurationIsVisible = 0;
			defaultConfigurationName = Release;
		};
		4747694F2ED7E6FC009FD23F /* Build configuration list for PBXNativeTarget "Workout AppTests" */ = {
			isa = XCConfigurationList;
			buildConfigurations = (
				474769502ED7E6FC009FD23F /* Debug */,
				474769512ED7E6FC009FD23F /* Release */,
			);
			defaultConfigurationIsVisible = 0;
			defaultConfigurationName = Release;
		};
		474769522ED7E6FC009FD23F /* Build configuration list for PBXNativeTarget "Workout AppUITests" */ = {
			isa = XCConfigurationList;
			buildConfigurations = (
				474769532ED7E6FC009FD23F /* Debug */,
				474769542ED7E6FC009FD23F /* Release */,
			);
			defaultConfigurationIsVisible = 0;
			defaultConfigurationName = Release;
		};
/* End XCConfigurationList section */
	};
	rootObject = 474769202ED7E6FB009FD23F /* Project object */;
}
